// !$*UTF8*$!
{
	archiveVersion = 1;
	classes = {
	};
	objectVersion = 77;
	objects = {

/* Begin PBXContainerItemProxy section */
		EFAC56012D36AE5900D2C92E /* PBXContainerItemProxy */ = {
			isa = PBXContainerItemProxy;
			containerPortal = EFAC55E82D36AE5800D2C92E /* Project object */;
			proxyType = 1;
			remoteGlobalIDString = EFAC55EF2D36AE5800D2C92E;
			remoteInfo = "Medium-NetworkExtension";
		};
		EFAC560B2D36AE5900D2C92E /* PBXContainerItemProxy */ = {
			isa = PBXContainerItemProxy;
			containerPortal = EFAC55E82D36AE5800D2C92E /* Project object */;
			proxyType = 1;
			remoteGlobalIDString = EFAC55EF2D36AE5800D2C92E;
			remoteInfo = "Medium-NetworkExtension";
		};
/* End PBXContainerItemProxy section */

/* Begin PBXFileReference section */
		EFAC55F02D36AE5800D2C92E /* Medium-NetworkExtension.app */ = {isa = PBXFileReference; explicitFileType = wrapper.application; includeInIndex = 0; path = "Medium-NetworkExtension.app"; sourceTree = BUILT_PRODUCTS_DIR; };
		EFAC56002D36AE5900D2C92E /* Medium-NetworkExtensionTests.xctest */ = {isa = PBXFileReference; explicitFileType = wrapper.cfbundle; includeInIndex = 0; path = "Medium-NetworkExtensionTests.xctest"; sourceTree = BUILT_PRODUCTS_DIR; };
		EFAC560A2D36AE5900D2C92E /* Medium-NetworkExtensionUITests.xctest */ = {isa = PBXFileReference; explicitFileType = wrapper.cfbundle; includeInIndex = 0; path = "Medium-NetworkExtensionUITests.xctest"; sourceTree = BUILT_PRODUCTS_DIR; };
/* End PBXFileReference section */

/* Begin PBXFileSystemSynchronizedRootGroup section */
		EFAC55F22D36AE5800D2C92E /* Medium-NetworkExtension */ = {
			isa = PBXFileSystemSynchronizedRootGroup;
			path = "Medium-NetworkExtension";
			sourceTree = "<group>";
		};
		EFAC56032D36AE5900D2C92E /* Medium-NetworkExtensionTests */ = {
			isa = PBXFileSystemSynchronizedRootGroup;
			path = "Medium-NetworkExtensionTests";
			sourceTree = "<group>";
		};
		EFAC560D2D36AE5900D2C92E /* Medium-NetworkExtensionUITests */ = {
			isa = PBXFileSystemSynchronizedRootGroup;
			path = "Medium-NetworkExtensionUITests";
			sourceTree = "<group>";
		};
/* End PBXFileSystemSynchronizedRootGroup section */

/* Begin PBXFrameworksBuildPhase section */
		EFAC55ED2D36AE5800D2C92E /* Frameworks */ = {
			isa = PBXFrameworksBuildPhase;
			buildActionMask = 2147483647;
			files = (
			);
			runOnlyForDeploymentPostprocessing = 0;
		};
		EFAC55FD2D36AE5900D2C92E /* Frameworks */ = {
			isa = PBXFrameworksBuildPhase;
			buildActionMask = 2147483647;
			files = (
			);
			runOnlyForDeploymentPostprocessing = 0;
		};
		EFAC56072D36AE5900D2C92E /* Frameworks */ = {
			isa = PBXFrameworksBuildPhase;
			buildActionMask = 2147483647;
			files = (
			);
			runOnlyForDeploymentPostprocessing = 0;
		};
/* End PBXFrameworksBuildPhase section */

/* Begin PBXGroup section */
		EFAC55E72D36AE5800D2C92E = {
			isa = PBXGroup;
			children = (
				EFAC55F22D36AE5800D2C92E /* Medium-NetworkExtension */,
				EFAC56032D36AE5900D2C92E /* Medium-NetworkExtensionTests */,
				EFAC560D2D36AE5900D2C92E /* Medium-NetworkExtensionUITests */,
				EFAC55F12D36AE5800D2C92E /* Products */,
			);
			sourceTree = "<group>";
		};
		EFAC55F12D36AE5800D2C92E /* Products */ = {
			isa = PBXGroup;
			children = (
				EFAC55F02D36AE5800D2C92E /* Medium-NetworkExtension.app */,
				EFAC56002D36AE5900D2C92E /* Medium-NetworkExtensionTests.xctest */,
				EFAC560A2D36AE5900D2C92E /* Medium-NetworkExtensionUITests.xctest */,
			);
			name = Products;
			sourceTree = "<group>";
		};
/* End PBXGroup section */

/* Begin PBXNativeTarget section */
		EFAC55EF2D36AE5800D2C92E /* Medium-NetworkExtension */ = {
			isa = PBXNativeTarget;
			buildConfigurationList = EFAC56142D36AE5900D2C92E /* Build configuration list for PBXNativeTarget "Medium-NetworkExtension" */;
			buildPhases = (
				EFAC55EC2D36AE5800D2C92E /* Sources */,
				EFAC55ED2D36AE5800D2C92E /* Frameworks */,
				EFAC55EE2D36AE5800D2C92E /* Resources */,
			);
			buildRules = (
			);
			dependencies = (
			);
			fileSystemSynchronizedGroups = (
				EFAC55F22D36AE5800D2C92E /* Medium-NetworkExtension */,
			);
			name = "Medium-NetworkExtension";
			packageProductDependencies = (
			);
			productName = "Medium-NetworkExtension";
			productReference = EFAC55F02D36AE5800D2C92E /* Medium-NetworkExtension.app */;
			productType = "com.apple.product-type.application";
		};
		EFAC55FF2D36AE5900D2C92E /* Medium-NetworkExtensionTests */ = {
			isa = PBXNativeTarget;
			buildConfigurationList = EFAC56172D36AE5900D2C92E /* Build configuration list for PBXNativeTarget "Medium-NetworkExtensionTests" */;
			buildPhases = (
				EFAC55FC2D36AE5900D2C92E /* Sources */,
				EFAC55FD2D36AE5900D2C92E /* Frameworks */,
				EFAC55FE2D36AE5900D2C92E /* Resources */,
			);
			buildRules = (
			);
			dependencies = (
				EFAC56022D36AE5900D2C92E /* PBXTargetDependency */,
			);
			fileSystemSynchronizedGroups = (
				EFAC56032D36AE5900D2C92E /* Medium-NetworkExtensionTests */,
			);
			name = "Medium-NetworkExtensionTests";
			packageProductDependencies = (
			);
			productName = "Medium-NetworkExtensionTests";
			productReference = EFAC56002D36AE5900D2C92E /* Medium-NetworkExtensionTests.xctest */;
			productType = "com.apple.product-type.bundle.unit-test";
		};
		EFAC56092D36AE5900D2C92E /* Medium-NetworkExtensionUITests */ = {
			isa = PBXNativeTarget;
			buildConfigurationList = EFAC561A2D36AE5900D2C92E /* Build configuration list for PBXNativeTarget "Medium-NetworkExtensionUITests" */;
			buildPhases = (
				EFAC56062D36AE5900D2C92E /* Sources */,
				EFAC56072D36AE5900D2C92E /* Frameworks */,
				EFAC56082D36AE5900D2C92E /* Resources */,
			);
			buildRules = (
			);
			dependencies = (
				EFAC560C2D36AE5900D2C92E /* PBXTargetDependency */,
			);
			fileSystemSynchronizedGroups = (
				EFAC560D2D36AE5900D2C92E /* Medium-NetworkExtensionUITests */,
			);
			name = "Medium-NetworkExtensionUITests";
			packageProductDependencies = (
			);
			productName = "Medium-NetworkExtensionUITests";
			productReference = EFAC560A2D36AE5900D2C92E /* Medium-NetworkExtensionUITests.xctest */;
			productType = "com.apple.product-type.bundle.ui-testing";
		};
/* End PBXNativeTarget section */

/* Begin PBXProject section */
		EFAC55E82D36AE5800D2C92E /* Project object */ = {
			isa = PBXProject;
			attributes = {
				BuildIndependentTargetsInParallel = 1;
				LastSwiftUpdateCheck = 1610;
				LastUpgradeCheck = 1610;
				TargetAttributes = {
					EFAC55EF2D36AE5800D2C92E = {
						CreatedOnToolsVersion = 16.1;
					};
					EFAC55FF2D36AE5900D2C92E = {
						CreatedOnToolsVersion = 16.1;
						TestTargetID = EFAC55EF2D36AE5800D2C92E;
					};
					EFAC56092D36AE5900D2C92E = {
						CreatedOnToolsVersion = 16.1;
						TestTargetID = EFAC55EF2D36AE5800D2C92E;
					};
				};
			};
			buildConfigurationList = EFAC55EB2D36AE5800D2C92E /* Build configuration list for PBXProject "Medium-NetworkExtension" */;
			developmentRegion = en;
			hasScannedForEncodings = 0;
			knownRegions = (
				en,
				Base,
			);
			mainGroup = EFAC55E72D36AE5800D2C92E;
			minimizedProjectReferenceProxies = 1;
			preferredProjectObjectVersion = 77;
			productRefGroup = EFAC55F12D36AE5800D2C92E /* Products */;
			projectDirPath = "";
			projectRoot = "";
			targets = (
				EFAC55EF2D36AE5800D2C92E /* Medium-NetworkExtension */,
				EFAC55FF2D36AE5900D2C92E /* Medium-NetworkExtensionTests */,
				EFAC56092D36AE5900D2C92E /* Medium-NetworkExtensionUITests */,
			);
		};
/* End PBXProject section */

/* Begin PBXResourcesBuildPhase section */
		EFAC55EE2D36AE5800D2C92E /* Resources */ = {
			isa = PBXResourcesBuildPhase;
			buildActionMask = 2147483647;
			files = (
			);
			runOnlyForDeploymentPostprocessing = 0;
		};
		EFAC55FE2D36AE5900D2C92E /* Resources */ = {
			isa = PBXResourcesBuildPhase;
			buildActionMask = 2147483647;
			files = (
			);
			runOnlyForDeploymentPostprocessing = 0;
		};
		EFAC56082D36AE5900D2C92E /* Resources */ = {
			isa = PBXResourcesBuildPhase;
			buildActionMask = 2147483647;
			files = (
			);
			runOnlyForDeploymentPostprocessing = 0;
		};
/* End PBXResourcesBuildPhase section */

/* Begin PBXSourcesBuildPhase section */
		EFAC55EC2D36AE5800D2C92E /* Sources */ = {
			isa = PBXSourcesBuildPhase;
			buildActionMask = 2147483647;
			files = (
			);
			runOnlyForDeploymentPostprocessing = 0;
		};
		EFAC55FC2D36AE5900D2C92E /* Sources */ = {
			isa = PBXSourcesBuildPhase;
			buildActionMask = 2147483647;
			files = (
			);
			runOnlyForDeploymentPostprocessing = 0;
		};
		EFAC56062D36AE5900D2C92E /* Sources */ = {
			isa = PBXSourcesBuildPhase;
			buildActionMask = 2147483647;
			files = (
			);
			runOnlyForDeploymentPostprocessing = 0;
		};
/* End PBXSourcesBuildPhase section */

/* Begin PBXTargetDependency section */
		EFAC56022D36AE5900D2C92E /* PBXTargetDependency */ = {
			isa = PBXTargetDependency;
			target = EFAC55EF2D36AE5800D2C92E /* Medium-NetworkExtension */;
			targetProxy = EFAC56012D36AE5900D2C92E /* PBXContainerItemProxy */;
		};
		EFAC560C2D36AE5900D2C92E /* PBXTargetDependency */ = {
			isa = PBXTargetDependency;
			target = EFAC55EF2D36AE5800D2C92E /* Medium-NetworkExtension */;
			targetProxy = EFAC560B2D36AE5900D2C92E /* PBXContainerItemProxy */;
		};
/* End PBXTargetDependency section */

/* Begin XCBuildConfiguration section */
		EFAC56122D36AE5900D2C92E /* Debug */ = {
			isa = XCBuildConfiguration;
			buildSettings = {
				ALWAYS_SEARCH_USER_PATHS = NO;
				ASSETCATALOG_COMPILER_GENERATE_SWIFT_ASSET_SYMBOL_EXTENSIONS = YES;
				CLANG_ANALYZER_NONNULL = YES;
				CLANG_ANALYZER_NUMBER_OBJECT_CONVERSION = YES_AGGRESSIVE;
				CLANG_CXX_LANGUAGE_STANDARD = "gnu++20";
				CLANG_ENABLE_MODULES = YES;
				CLANG_ENABLE_OBJC_ARC = YES;
				CLANG_ENABLE_OBJC_WEAK = YES;
				CLANG_WARN_BLOCK_CAPTURE_AUTORELEASING = YES;
				CLANG_WARN_BOOL_CONVERSION = YES;
				CLANG_WARN_COMMA = YES;
				CLANG_WARN_CONSTANT_CONVERSION = YES;
				CLANG_WARN_DEPRECATED_OBJC_IMPLEMENTATIONS = YES;
				CLANG_WARN_DIRECT_OBJC_ISA_USAGE = YES_ERROR;
				CLANG_WARN_DOCUMENTATION_COMMENTS = YES;
				CLANG_WARN_EMPTY_BODY = YES;
				CLANG_WARN_ENUM_CONVERSION = YES;
				CLANG_WARN_INFINITE_RECURSION = YES;
				CLANG_WARN_INT_CONVERSION = YES;
				CLANG_WARN_NON_LITERAL_NULL_CONVERSION = YES;
				CLANG_WARN_OBJC_IMPLICIT_RETAIN_SELF = YES;
				CLANG_WARN_OBJC_LITERAL_CONVERSION = YES;
				CLANG_WARN_OBJC_ROOT_CLASS = YES_ERROR;
				CLANG_WARN_QUOTED_INCLUDE_IN_FRAMEWORK_HEADER = YES;
				CLANG_WARN_RANGE_LOOP_ANALYSIS = YES;
				CLANG_WARN_STRICT_PROTOTYPES = YES;
				CLANG_WARN_SUSPICIOUS_MOVE = YES;
				CLANG_WARN_UNGUARDED_AVAILABILITY = YES_AGGRESSIVE;
				CLANG_WARN_UNREACHABLE_CODE = YES;
				CLANG_WARN__DUPLICATE_METHOD_MATCH = YES;
				COPY_PHASE_STRIP = NO;
				DEBUG_INFORMATION_FORMAT = dwarf;
				ENABLE_STRICT_OBJC_MSGSEND = YES;
				ENABLE_TESTABILITY = YES;
				ENABLE_USER_SCRIPT_SANDBOXING = YES;
				GCC_C_LANGUAGE_STANDARD = gnu17;
				GCC_DYNAMIC_NO_PIC = NO;
				GCC_NO_COMMON_BLOCKS = YES;
				GCC_OPTIMIZATION_LEVEL = 0;
				GCC_PREPROCESSOR_DEFINITIONS = (
					"DEBUG=1",
					"$(inherited)",
				);
				GCC_WARN_64_TO_32_BIT_CONVERSION = YES;
				GCC_WARN_ABOUT_RETURN_TYPE = YES_ERROR;
				GCC_WARN_UNDECLARED_SELECTOR = YES;
				GCC_WARN_UNINITIALIZED_AUTOS = YES_AGGRESSIVE;
				GCC_WARN_UNUSED_FUNCTION = YES;
				GCC_WARN_UNUSED_VARIABLE = YES;
				IPHONEOS_DEPLOYMENT_TARGET = 18.1;
				LOCALIZATION_PREFERS_STRING_CATALOGS = YES;
				MTL_ENABLE_DEBUG_INFO = INCLUDE_SOURCE;
				MTL_FAST_MATH = YES;
				ONLY_ACTIVE_ARCH = YES;
				SDKROOT = iphoneos;
				SWIFT_ACTIVE_COMPILATION_CONDITIONS = "DEBUG $(inherited)";
				SWIFT_OPTIMIZATION_LEVEL = "-Onone";
			};
			name = Debug;
		};
		EFAC56132D36AE5900D2C92E /* Release */ = {
			isa = XCBuildConfiguration;
			buildSettings = {
				ALWAYS_SEARCH_USER_PATHS = NO;
				ASSETCATALOG_COMPILER_GENERATE_SWIFT_ASSET_SYMBOL_EXTENSIONS = YES;
				CLANG_ANALYZER_NONNULL = YES;
				CLANG_ANALYZER_NUMBER_OBJECT_CONVERSION = YES_AGGRESSIVE;
				CLANG_CXX_LANGUAGE_STANDARD = "gnu++20";
				CLANG_ENABLE_MODULES = YES;
				CLANG_ENABLE_OBJC_ARC = YES;
				CLANG_ENABLE_OBJC_WEAK = YES;
				CLANG_WARN_BLOCK_CAPTURE_AUTORELEASING = YES;
				CLANG_WARN_BOOL_CONVERSION = YES;
				CLANG_WARN_COMMA = YES;
				CLANG_WARN_CONSTANT_CONVERSION = YES;
				CLANG_WARN_DEPRECATED_OBJC_IMPLEMENTATIONS = YES;
				CLANG_WARN_DIRECT_OBJC_ISA_USAGE = YES_ERROR;
				CLANG_WARN_DOCUMENTATION_COMMENTS = YES;
				CLANG_WARN_EMPTY_BODY = YES;
				CLANG_WARN_ENUM_CONVERSION = YES;
				CLANG_WARN_INFINITE_RECURSION = YES;
				CLANG_WARN_INT_CONVERSION = YES;
				CLANG_WARN_NON_LITERAL_NULL_CONVERSION = YES;
				CLANG_WARN_OBJC_IMPLICIT_RETAIN_SELF = YES;
				CLANG_WARN_OBJC_LITERAL_CONVERSION = YES;
				CLANG_WARN_OBJC_ROOT_CLASS = YES_ERROR;
				CLANG_WARN_QUOTED_INCLUDE_IN_FRAMEWORK_HEADER = YES;
				CLANG_WARN_RANGE_LOOP_ANALYSIS = YES;
				CLANG_WARN_STRICT_PROTOTYPES = YES;
				CLANG_WARN_SUSPICIOUS_MOVE = YES;
				CLANG_WARN_UNGUARDED_AVAILABILITY = YES_AGGRESSIVE;
				CLANG_WARN_UNREACHABLE_CODE = YES;
				CLANG_WARN__DUPLICATE_METHOD_MATCH = YES;
				COPY_PHASE_STRIP = NO;
				DEBUG_INFORMATION_FORMAT = "dwarf-with-dsym";
				ENABLE_NS_ASSERTIONS = NO;
				ENABLE_STRICT_OBJC_MSGSEND = YES;
				ENABLE_USER_SCRIPT_SANDBOXING = YES;
				GCC_C_LANGUAGE_STANDARD = gnu17;
				GCC_NO_COMMON_BLOCKS = YES;
				GCC_WARN_64_TO_32_BIT_CONVERSION = YES;
				GCC_WARN_ABOUT_RETURN_TYPE = YES_ERROR;
				GCC_WARN_UNDECLARED_SELECTOR = YES;
				GCC_WARN_UNINITIALIZED_AUTOS = YES_AGGRESSIVE;
				GCC_WARN_UNUSED_FUNCTION = YES;
				GCC_WARN_UNUSED_VARIABLE = YES;
				IPHONEOS_DEPLOYMENT_TARGET = 18.1;
				LOCALIZATION_PREFERS_STRING_CATALOGS = YES;
				MTL_ENABLE_DEBUG_INFO = NO;
				MTL_FAST_MATH = YES;
				SDKROOT = iphoneos;
				SWIFT_COMPILATION_MODE = wholemodule;
				VALIDATE_PRODUCT = YES;
			};
			name = Release;
		};
		EFAC56152D36AE5900D2C92E /* Debug */ = {
			isa = XCBuildConfiguration;
			buildSettings = {
				ASSETCATALOG_COMPILER_APPICON_NAME = AppIcon;
				ASSETCATALOG_COMPILER_GLOBAL_ACCENT_COLOR_NAME = AccentColor;
				CODE_SIGN_STYLE = Automatic;
				CURRENT_PROJECT_VERSION = 1;
				DEVELOPMENT_ASSET_PATHS = "\"Medium-NetworkExtension/Preview Content\"";
				DEVELOPMENT_TEAM = DP3K3GBL6K;
				ENABLE_PREVIEWS = YES;
				GENERATE_INFOPLIST_FILE = YES;
				INFOPLIST_KEY_UIApplicationSceneManifest_Generation = YES;
				INFOPLIST_KEY_UIApplicationSupportsIndirectInputEvents = YES;
				INFOPLIST_KEY_UILaunchScreen_Generation = YES;
				INFOPLIST_KEY_UISupportedInterfaceOrientations_iPad = "UIInterfaceOrientationPortrait UIInterfaceOrientationPortraitUpsideDown UIInterfaceOrientationLandscapeLeft UIInterfaceOrientationLandscapeRight";
				INFOPLIST_KEY_UISupportedInterfaceOrientations_iPhone = "UIInterfaceOrientationPortrait UIInterfaceOrientationLandscapeLeft UIInterfaceOrientationLandscapeRight";
				LD_RUNPATH_SEARCH_PATHS = (
					"$(inherited)",
					"@executable_path/Frameworks",
				);
				MARKETING_VERSION = 1.0;
				PRODUCT_BUNDLE_IDENTIFIER = "com.dasontio.Medium-NetworkExtension";
				PRODUCT_NAME = "$(TARGET_NAME)";
				SWIFT_EMIT_LOC_STRINGS = YES;
				SWIFT_VERSION = 5.0;
				TARGETED_DEVICE_FAMILY = "1,2";
			};
			name = Debug;
		};
		EFAC56162D36AE5900D2C92E /* Release */ = {
			isa = XCBuildConfiguration;
			buildSettings = {
				ASSETCATALOG_COMPILER_APPICON_NAME = AppIcon;
				ASSETCATALOG_COMPILER_GLOBAL_ACCENT_COLOR_NAME = AccentColor;
				CODE_SIGN_STYLE = Automatic;
				CURRENT_PROJECT_VERSION = 1;
				DEVELOPMENT_ASSET_PATHS = "\"Medium-NetworkExtension/Preview Content\"";
				DEVELOPMENT_TEAM = DP3K3GBL6K;
				ENABLE_PREVIEWS = YES;
				GENERATE_INFOPLIST_FILE = YES;
				INFOPLIST_KEY_UIApplicationSceneManifest_Generation = YES;
				INFOPLIST_KEY_UIApplicationSupportsIndirectInputEvents = YES;
				INFOPLIST_KEY_UILaunchScreen_Generation = YES;
				INFOPLIST_KEY_UISupportedInterfaceOrientations_iPad = "UIInterfaceOrientationPortrait UIInterfaceOrientationPortraitUpsideDown UIInterfaceOrientationLandscapeLeft UIInterfaceOrientationLandscapeRight";
				INFOPLIST_KEY_UISupportedInterfaceOrientations_iPhone = "UIInterfaceOrientationPortrait UIInterfaceOrientationLandscapeLeft UIInterfaceOrientationLandscapeRight";
				LD_RUNPATH_SEARCH_PATHS = (
					"$(inherited)",
					"@executable_path/Frameworks",
				);
				MARKETING_VERSION = 1.0;
				PRODUCT_BUNDLE_IDENTIFIER = "com.dasontio.Medium-NetworkExtension";
				PRODUCT_NAME = "$(TARGET_NAME)";
				SWIFT_EMIT_LOC_STRINGS = YES;
				SWIFT_VERSION = 5.0;
				TARGETED_DEVICE_FAMILY = "1,2";
			};
			name = Release;
		};
		EFAC56182D36AE5900D2C92E /* Debug */ = {
			isa = XCBuildConfiguration;
			buildSettings = {
				BUNDLE_LOADER = "$(TEST_HOST)";
				CODE_SIGN_STYLE = Automatic;
				CURRENT_PROJECT_VERSION = 1;
				DEVELOPMENT_TEAM = DP3K3GBL6K;
				GENERATE_INFOPLIST_FILE = YES;
				IPHONEOS_DEPLOYMENT_TARGET = 18.1;
				MARKETING_VERSION = 1.0;
				PRODUCT_BUNDLE_IDENTIFIER = "com.dasontio.Medium-NetworkExtensionTests";
				PRODUCT_NAME = "$(TARGET_NAME)";
				SWIFT_EMIT_LOC_STRINGS = NO;
				SWIFT_VERSION = 5.0;
				TARGETED_DEVICE_FAMILY = "1,2";
				TEST_HOST = "$(BUILT_PRODUCTS_DIR)/Medium-NetworkExtension.app/$(BUNDLE_EXECUTABLE_FOLDER_PATH)/Medium-NetworkExtension";
			};
			name = Debug;
		};
		EFAC56192D36AE5900D2C92E /* Release */ = {
			isa = XCBuildConfiguration;
			buildSettings = {
				BUNDLE_LOADER = "$(TEST_HOST)";
				CODE_SIGN_STYLE = Automatic;
				CURRENT_PROJECT_VERSION = 1;
				DEVELOPMENT_TEAM = DP3K3GBL6K;
				GENERATE_INFOPLIST_FILE = YES;
				IPHONEOS_DEPLOYMENT_TARGET = 18.1;
				MARKETING_VERSION = 1.0;
				PRODUCT_BUNDLE_IDENTIFIER = "com.dasontio.Medium-NetworkExtensionTests";
				PRODUCT_NAME = "$(TARGET_NAME)";
				SWIFT_EMIT_LOC_STRINGS = NO;
				SWIFT_VERSION = 5.0;
				TARGETED_DEVICE_FAMILY = "1,2";
				TEST_HOST = "$(BUILT_PRODUCTS_DIR)/Medium-NetworkExtension.app/$(BUNDLE_EXECUTABLE_FOLDER_PATH)/Medium-NetworkExtension";
			};
			name = Release;
		};
		EFAC561B2D36AE5900D2C92E /* Debug */ = {
			isa = XCBuildConfiguration;
			buildSettings = {
				CODE_SIGN_STYLE = Automatic;
				CURRENT_PROJECT_VERSION = 1;
				DEVELOPMENT_TEAM = DP3K3GBL6K;
				GENERATE_INFOPLIST_FILE = YES;
				MARKETING_VERSION = 1.0;
				PRODUCT_BUNDLE_IDENTIFIER = "com.dasontio.Medium-NetworkExtensionUITests";
				PRODUCT_NAME = "$(TARGET_NAME)";
				SWIFT_EMIT_LOC_STRINGS = NO;
				SWIFT_VERSION = 5.0;
				TARGETED_DEVICE_FAMILY = "1,2";
				TEST_TARGET_NAME = "Medium-NetworkExtension";
			};
			name = Debug;
		};
		EFAC561C2D36AE5900D2C92E /* Release */ = {
			isa = XCBuildConfiguration;
			buildSettings = {
				CODE_SIGN_STYLE = Automatic;
				CURRENT_PROJECT_VERSION = 1;
				DEVELOPMENT_TEAM = DP3K3GBL6K;
				GENERATE_INFOPLIST_FILE = YES;
				MARKETING_VERSION = 1.0;
				PRODUCT_BUNDLE_IDENTIFIER = "com.dasontio.Medium-NetworkExtensionUITests";
				PRODUCT_NAME = "$(TARGET_NAME)";
				SWIFT_EMIT_LOC_STRINGS = NO;
				SWIFT_VERSION = 5.0;
				TARGETED_DEVICE_FAMILY = "1,2";
				TEST_TARGET_NAME = "Medium-NetworkExtension";
			};
			name = Release;
		};
/* End XCBuildConfiguration section */

/* Begin XCConfigurationList section */
		EFAC55EB2D36AE5800D2C92E /* Build configuration list for PBXProject "Medium-NetworkExtension" */ = {
			isa = XCConfigurationList;
			buildConfigurations = (
				EFAC56122D36AE5900D2C92E /* Debug */,
				EFAC56132D36AE5900D2C92E /* Release */,
			);
			defaultConfigurationIsVisible = 0;
			defaultConfigurationName = Release;
		};
		EFAC56142D36AE5900D2C92E /* Build configuration list for PBXNativeTarget "Medium-NetworkExtension" */ = {
			isa = XCConfigurationList;
			buildConfigurations = (
				EFAC56152D36AE5900D2C92E /* Debug */,
				EFAC56162D36AE5900D2C92E /* Release */,
			);
			defaultConfigurationIsVisible = 0;
			defaultConfigurationName = Release;
		};
		EFAC56172D36AE5900D2C92E /* Build configuration list for PBXNativeTarget "Medium-NetworkExtensionTests" */ = {
			isa = XCConfigurationList;
			buildConfigurations = (
				EFAC56182D36AE5900D2C92E /* Debug */,
				EFAC56192D36AE5900D2C92E /* Release */,
			);
			defaultConfigurationIsVisible = 0;
			defaultConfigurationName = Release;
		};
		EFAC561A2D36AE5900D2C92E /* Build configuration list for PBXNativeTarget "Medium-NetworkExtensionUITests" */ = {
			isa = XCConfigurationList;
			buildConfigurations = (
				EFAC561B2D36AE5900D2C92E /* Debug */,
				EFAC561C2D36AE5900D2C92E /* Release */,
			);
			defaultConfigurationIsVisible = 0;
			defaultConfigurationName = Release;
		};
/* End XCConfigurationList section */
	};
	rootObject = EFAC55E82D36AE5800D2C92E /* Project object */;
}
